
Microsoft Visual Studio Solution File, Format Version 12.00
# Visual Studio Version 17
VisualStudioVersion = 17.11.34909.67
MinimumVisualStudioVersion = 10.0.40219.1
Project("{2150E333-8FDC-42A3-9474-1A3956D46DE8}") = "Application", "Application", "{6D5D67FD-2EA6-4EEA-BFC8-B6A548254448}"
EndProject
Project("{2150E333-8FDC-42A3-9474-1A3956D46DE8}") = "Solution Items", "Solution Items", "{B4E0C8D5-6A0C-4216-89C4-9554CB73820A}"
	ProjectSection(SolutionItems) = preProject
		Directory.Build.props = Directory.Build.props
		README.md = README.md
		README.zh-CN.md = README.zh-CN.md
	EndProjectSection
EndProject
Project("{FAE04EC0-301F-11D3-BF4B-00C04F79EFBC}") = "CodeWF.Blog.Web", "src\CodeWF.Blog.Web\CodeWF.Blog.Web.csproj", "{96E2EB41-ED90-4539-A0EE-FF584713020A}"
EndProject
Project("{FAE04EC0-301F-11D3-BF4B-00C04F79EFBC}") = "CodeWF.Blog.Web.Client", "src\CodeWF.Blog.Web.Client\CodeWF.Blog.Web.Client.csproj", "{9E90407E-F233-4398-8ACA-2F7CF3856C9E}"
EndProject
Project("{2150E333-8FDC-42A3-9474-1A3956D46DE8}") = "Tests", "Tests", "{3BD05296-BAB5-42E7-AD61-7D40C6639B4B}"
EndProject
Project("{FAE04EC0-301F-11D3-BF4B-00C04F79EFBC}") = "CodeWF.Blog.Web.Test", "src\CodeWF.Blog.Web.Test\CodeWF.Blog.Web.Test.csproj", "{AC9792CF-C7B9-4190-907F-DF1116EAE5EC}"
EndProject
Global
	GlobalSection(SolutionConfigurationPlatforms) = preSolution
		Debug|Any CPU = Debug|Any CPU
		Release|Any CPU = Release|Any CPU
	EndGlobalSection
	GlobalSection(ProjectConfigurationPlatforms) = postSolution
		{96E2EB41-ED90-4539-A0EE-FF584713020A}.Debug|Any CPU.ActiveCfg = Debug|Any CPU
		{96E2EB41-ED90-4539-A0EE-FF584713020A}.Debug|Any CPU.Build.0 = Debug|Any CPU
		{96E2EB41-ED90-4539-A0EE-FF584713020A}.Release|Any CPU.ActiveCfg = Release|Any CPU
		{96E2EB41-ED90-4539-A0EE-FF584713020A}.Release|Any CPU.Build.0 = Release|Any CPU
		{9E90407E-F233-4398-8ACA-2F7CF3856C9E}.Debug|Any CPU.ActiveCfg = Debug|Any CPU
		{9E90407E-F233-4398-8ACA-2F7CF3856C9E}.Debug|Any CPU.Build.0 = Debug|Any CPU
		{9E90407E-F233-4398-8ACA-2F7CF3856C9E}.Release|Any CPU.ActiveCfg = Release|Any CPU
		{9E90407E-F233-4398-8ACA-2F7CF3856C9E}.Release|Any CPU.Build.0 = Release|Any CPU
		{AC9792CF-C7B9-4190-907F-DF1116EAE5EC}.Debug|Any CPU.ActiveCfg = Debug|Any CPU
		{AC9792CF-C7B9-4190-907F-DF1116EAE5EC}.Debug|Any CPU.Build.0 = Debug|Any CPU
		{AC9792CF-C7B9-4190-907F-DF1116EAE5EC}.Release|Any CPU.ActiveCfg = Release|Any CPU
		{AC9792CF-C7B9-4190-907F-DF1116EAE5EC}.Release|Any CPU.Build.0 = Release|Any CPU
	EndGlobalSection
	GlobalSection(SolutionProperties) = preSolution
		HideSolutionNode = FALSE
	EndGlobalSection
	GlobalSection(NestedProjects) = preSolution
		{96E2EB41-ED90-4539-A0EE-FF584713020A} = {6D5D67FD-2EA6-4EEA-BFC8-B6A548254448}
		{9E90407E-F233-4398-8ACA-2F7CF3856C9E} = {6D5D67FD-2EA6-4EEA-BFC8-B6A548254448}
		{AC9792CF-C7B9-4190-907F-DF1116EAE5EC} = {3BD05296-BAB5-42E7-AD61-7D40C6639B4B}
	EndGlobalSection
	GlobalSection(ExtensibilityGlobals) = postSolution
		SolutionGuid = {0F801025-09A0-4A6E-BBFD-BAF96CDB633D}
	EndGlobalSection
EndGlobal
