
Microsoft Visual Studio Solution File, Format Version 12.00
# Visual Studio Version 18
VisualStudioVersion = 18.3.11312.210 d18.3
MinimumVisualStudioVersion = 10.0.40219.1
Project("{2150E333-8FDC-42A3-9474-1A3956D46DE8}") = "Solution items", "Solution items", "{8818BB4A-090F-4F35-B34D-FE51F5D83EBD}"
	ProjectSection(SolutionItems) = preProject
		Directory.Build.props = Directory.Build.props
		README.md = README.md
		README.zh-CN.md = README.zh-CN.md
	EndProjectSection
EndProject
Project("{FAE04EC0-301F-11D3-BF4B-00C04F79EFBC}") = "CodeWF", "src\CodeWF\CodeWF.csproj", "{5412906E-DA3E-4BE2-8FC4-F752D15774F3}"
EndProject
Global
	GlobalSection(SolutionConfigurationPlatforms) = preSolution
		Debug|Any CPU = Debug|Any CPU
		Release|Any CPU = Release|Any CPU
	EndGlobalSection
	GlobalSection(ProjectConfigurationPlatforms) = postSolution
		{5412906E-DA3E-4BE2-8FC4-F752D15774F3}.Debug|Any CPU.ActiveCfg = Debug|Any CPU
		{5412906E-DA3E-4BE2-8FC4-F752D15774F3}.Debug|Any CPU.Build.0 = Debug|Any CPU
		{5412906E-DA3E-4BE2-8FC4-F752D15774F3}.Release|Any CPU.ActiveCfg = Release|Any CPU
		{5412906E-DA3E-4BE2-8FC4-F752D15774F3}.Release|Any CPU.Build.0 = Release|Any CPU
	EndGlobalSection
	GlobalSection(SolutionProperties) = preSolution
		HideSolutionNode = FALSE
	EndGlobalSection
	GlobalSection(ExtensibilityGlobals) = postSolution
		SolutionGuid = {F0BB8F8E-546D-43AE-9698-433B50035E81}
	EndGlobalSection
EndGlobal
