<Solution>
  <Folder Name="/Solution Items/">
    <File Path=".gitignore" />
    <File Path="Directory.Build.props" />
    <File Path="README.md" />
    <File Path="README-zh_CN.md" />
    <File Path="package.json" />
  </Folder>
  <Project Path="src\CodeWF.Api\CodeWF.Api.csproj" />
  <Project Path="tests\CodeWF.Api.Tests\CodeWF.Api.Tests.csproj" />
</Solution>
