
Microsoft Visual Studio Solution File, Format Version 12.00
# Visual Studio Version 17
VisualStudioVersion = 17.9.34414.90
MinimumVisualStudioVersion = 10.0.40219.1
Project("{9A19103F-16F7-4668-BE54-9A1E7A4F7556}") = "CodeWF.Desktop", "CodeWF.Desktop\CodeWF.Desktop.csproj", "{0C8FC329-AFAD-4454-9518-929AD4120846}"
EndProject
Project("{9A19103F-16F7-4668-BE54-9A1E7A4F7556}") = "CodeWF.Core", "CodeWF.Core\CodeWF.Core.csproj", "{DA8CD643-9417-4472-9AB8-EBA016C308CD}"
EndProject
Project("{9A19103F-16F7-4668-BE54-9A1E7A4F7556}") = "CodeWF.Core.Test", "CodeWF.Core.Test\CodeWF.Core.Test.csproj", "{CF6D1454-1F1D-486A-B749-95D8E4AA2B80}"
EndProject
Project("{2150E333-8FDC-42A3-9474-1A3956D46DE8}") = "web", "web", "{CA9D4FB8-18F8-4351-8433-5C1D65E21CA7}"
EndProject
Project("{2150E333-8FDC-42A3-9474-1A3956D46DE8}") = "core", "core", "{E5C1EB38-8F28-4F30-B7A2-F3D5487E06B4}"
EndProject
Project("{2150E333-8FDC-42A3-9474-1A3956D46DE8}") = "desktop", "desktop", "{4826B1F3-876C-4F03-8687-41A3AE352CBD}"
EndProject
Project("{2150E333-8FDC-42A3-9474-1A3956D46DE8}") = "app", "app", "{59CD194E-F6C9-475B-9828-ADF66AAB6176}"
EndProject
Project("{9A19103F-16F7-4668-BE54-9A1E7A4F7556}") = "CodeWF.App", "CodeWF.App\CodeWF.App.csproj", "{ADB61F56-0A93-40B0-89EA-42C664B069ED}"
EndProject
Project("{2150E333-8FDC-42A3-9474-1A3956D46DE8}") = "解决方案项", "解决方案项", "{0C67D538-BAE5-49C8-AD8B-FCBDAC1C9D2C}"
	ProjectSection(SolutionItems) = preProject
		.editorconfig = .editorconfig
		Directory.build.props = Directory.build.props
	EndProjectSection
EndProject
Project("{9A19103F-16F7-4668-BE54-9A1E7A4F7556}") = "CodeWF.Commons", "CodeWF.Commons\CodeWF.Commons.csproj", "{9125D242-1D58-4D15-B42E-69BCD61128CC}"
EndProject
Project("{9A19103F-16F7-4668-BE54-9A1E7A4F7556}") = "CodeWF.Commons.Test", "CodeWF.Commons.Test\CodeWF.Commons.Test.csproj", "{F1BBCC9B-6AF5-40B3-80EE-0BAF01324FFF}"
EndProject
Project("{9A19103F-16F7-4668-BE54-9A1E7A4F7556}") = "CodeWF.DomainCommons", "CodeWF.DomainCommons\CodeWF.DomainCommons.csproj", "{C1186D43-AFA7-4EDB-9026-2FBB9C852B27}"
EndProject
Project("{9A19103F-16F7-4668-BE54-9A1E7A4F7556}") = "CodeWF.EventBus", "CodeWF.EventBus\CodeWF.EventBus.csproj", "{FB17B492-5DD7-4969-977A-025B92889ADB}"
EndProject
Project("{9A19103F-16F7-4668-BE54-9A1E7A4F7556}") = "CodeWF.JWT", "CodeWF.JWT\CodeWF.JWT.csproj", "{816993A7-4999-448F-A915-B1895D5D877E}"
EndProject
Project("{9A19103F-16F7-4668-BE54-9A1E7A4F7556}") = "CodeWF.Infrastructure", "CodeWF.Infrastructure\CodeWF.Infrastructure.csproj", "{35F4D8C3-9601-4570-A2A9-F2B1BB779058}"
EndProject
Project("{9A19103F-16F7-4668-BE54-9A1E7A4F7556}") = "CodeWF.CommonInitializer", "CodeWF.CommonInitializer\CodeWF.CommonInitializer.csproj", "{3D6C577B-2EE2-4897-874E-E3FEA4299669}"
EndProject
Project("{9A19103F-16F7-4668-BE54-9A1E7A4F7556}") = "CodeWF.ASPNETCore", "CodeWF.ASPNETCore\CodeWF.ASPNETCore.csproj", "{4498D50B-57FC-45D9-8309-AD7F2B266F2E}"
EndProject
Project("{2150E333-8FDC-42A3-9474-1A3956D46DE8}") = "webapi", "webapi", "{67375D4B-8625-48C2-B815-AC1E84F98FBF}"
EndProject
Project("{9A19103F-16F7-4668-BE54-9A1E7A4F7556}") = "CodeWF.WebAPI.ViewModel", "CodeWF.WebAPI.ViewModel\CodeWF.WebAPI.ViewModel.csproj", "{AE0A3EC3-A14E-4FDC-BDBB-DE8B0BE22993}"
EndProject
Project("{9A19103F-16F7-4668-BE54-9A1E7A4F7556}") = "CodeWF.WebAPI.Domain", "CodeWF.WebAPI.Domain\CodeWF.WebAPI.Domain.csproj", "{DD08D535-BC35-4ADA-AEE2-A1F68A4DC09B}"
EndProject
Project("{9A19103F-16F7-4668-BE54-9A1E7A4F7556}") = "CodeWF.WebAPI.Infrastructure", "CodeWF.WebAPI.Infrastructure\CodeWF.WebAPI.Infrastructure.csproj", "{800F21A8-CB10-4395-B69B-62DA71CD5095}"
EndProject
Project("{9A19103F-16F7-4668-BE54-9A1E7A4F7556}") = "CodeWF.WebAPI", "CodeWF.WebAPI\CodeWF.WebAPI.csproj", "{0E583930-C4D1-4745-9862-2555C3E67260}"
EndProject
Project("{9A19103F-16F7-4668-BE54-9A1E7A4F7556}") = "CodeWF.Web.ViewModel", "CodeWF.Web.ViewModel\CodeWF.Web.ViewModel.csproj", "{55E675A3-7B06-44BA-A8A7-A4C24D467731}"
EndProject
Project("{9A19103F-16F7-4668-BE54-9A1E7A4F7556}") = "CodeWF.Web.Service", "CodeWF.Web.Service\CodeWF.Web.Service.csproj", "{3BAADE14-D60E-4483-8E56-9A721F1BD8CA}"
EndProject
Project("{9A19103F-16F7-4668-BE54-9A1E7A4F7556}") = "CodeWF.Web", "CodeWF.Web\CodeWF.Web.csproj", "{0672FBF4-F52D-4BCE-8179-2D7D99BB3D8A}"
EndProject
Project("{FAE04EC0-301F-11D3-BF4B-00C04F79EFBC}") = "CodeWF.Web.YarpReverseProxy", "CodeWF.Web.YarpReverseProxy\CodeWF.Web.YarpReverseProxy.csproj", "{A24300F3-59D2-486D-BC72-3F8DBCCE9A8E}"
EndProject
Global
	GlobalSection(SolutionConfigurationPlatforms) = preSolution
		Debug|Any CPU = Debug|Any CPU
		Release|Any CPU = Release|Any CPU
	EndGlobalSection
	GlobalSection(ProjectConfigurationPlatforms) = postSolution
		{0C8FC329-AFAD-4454-9518-929AD4120846}.Debug|Any CPU.ActiveCfg = Debug|Any CPU
		{0C8FC329-AFAD-4454-9518-929AD4120846}.Debug|Any CPU.Build.0 = Debug|Any CPU
		{0C8FC329-AFAD-4454-9518-929AD4120846}.Release|Any CPU.ActiveCfg = Release|Any CPU
		{0C8FC329-AFAD-4454-9518-929AD4120846}.Release|Any CPU.Build.0 = Release|Any CPU
		{DA8CD643-9417-4472-9AB8-EBA016C308CD}.Debug|Any CPU.ActiveCfg = Debug|Any CPU
		{DA8CD643-9417-4472-9AB8-EBA016C308CD}.Debug|Any CPU.Build.0 = Debug|Any CPU
		{DA8CD643-9417-4472-9AB8-EBA016C308CD}.Release|Any CPU.ActiveCfg = Release|Any CPU
		{DA8CD643-9417-4472-9AB8-EBA016C308CD}.Release|Any CPU.Build.0 = Release|Any CPU
		{CF6D1454-1F1D-486A-B749-95D8E4AA2B80}.Debug|Any CPU.ActiveCfg = Debug|Any CPU
		{CF6D1454-1F1D-486A-B749-95D8E4AA2B80}.Debug|Any CPU.Build.0 = Debug|Any CPU
		{CF6D1454-1F1D-486A-B749-95D8E4AA2B80}.Release|Any CPU.ActiveCfg = Release|Any CPU
		{CF6D1454-1F1D-486A-B749-95D8E4AA2B80}.Release|Any CPU.Build.0 = Release|Any CPU
		{ADB61F56-0A93-40B0-89EA-42C664B069ED}.Debug|Any CPU.ActiveCfg = Debug|Any CPU
		{ADB61F56-0A93-40B0-89EA-42C664B069ED}.Debug|Any CPU.Build.0 = Debug|Any CPU
		{ADB61F56-0A93-40B0-89EA-42C664B069ED}.Debug|Any CPU.Deploy.0 = Debug|Any CPU
		{ADB61F56-0A93-40B0-89EA-42C664B069ED}.Release|Any CPU.ActiveCfg = Release|Any CPU
		{ADB61F56-0A93-40B0-89EA-42C664B069ED}.Release|Any CPU.Build.0 = Release|Any CPU
		{ADB61F56-0A93-40B0-89EA-42C664B069ED}.Release|Any CPU.Deploy.0 = Release|Any CPU
		{9125D242-1D58-4D15-B42E-69BCD61128CC}.Debug|Any CPU.ActiveCfg = Debug|Any CPU
		{9125D242-1D58-4D15-B42E-69BCD61128CC}.Debug|Any CPU.Build.0 = Debug|Any CPU
		{9125D242-1D58-4D15-B42E-69BCD61128CC}.Release|Any CPU.ActiveCfg = Release|Any CPU
		{9125D242-1D58-4D15-B42E-69BCD61128CC}.Release|Any CPU.Build.0 = Release|Any CPU
		{F1BBCC9B-6AF5-40B3-80EE-0BAF01324FFF}.Debug|Any CPU.ActiveCfg = Debug|Any CPU
		{F1BBCC9B-6AF5-40B3-80EE-0BAF01324FFF}.Debug|Any CPU.Build.0 = Debug|Any CPU
		{F1BBCC9B-6AF5-40B3-80EE-0BAF01324FFF}.Release|Any CPU.ActiveCfg = Release|Any CPU
		{F1BBCC9B-6AF5-40B3-80EE-0BAF01324FFF}.Release|Any CPU.Build.0 = Release|Any CPU
		{C1186D43-AFA7-4EDB-9026-2FBB9C852B27}.Debug|Any CPU.ActiveCfg = Debug|Any CPU
		{C1186D43-AFA7-4EDB-9026-2FBB9C852B27}.Debug|Any CPU.Build.0 = Debug|Any CPU
		{C1186D43-AFA7-4EDB-9026-2FBB9C852B27}.Release|Any CPU.ActiveCfg = Release|Any CPU
		{C1186D43-AFA7-4EDB-9026-2FBB9C852B27}.Release|Any CPU.Build.0 = Release|Any CPU
		{FB17B492-5DD7-4969-977A-025B92889ADB}.Debug|Any CPU.ActiveCfg = Debug|Any CPU
		{FB17B492-5DD7-4969-977A-025B92889ADB}.Debug|Any CPU.Build.0 = Debug|Any CPU
		{FB17B492-5DD7-4969-977A-025B92889ADB}.Release|Any CPU.ActiveCfg = Release|Any CPU
		{FB17B492-5DD7-4969-977A-025B92889ADB}.Release|Any CPU.Build.0 = Release|Any CPU
		{816993A7-4999-448F-A915-B1895D5D877E}.Debug|Any CPU.ActiveCfg = Debug|Any CPU
		{816993A7-4999-448F-A915-B1895D5D877E}.Debug|Any CPU.Build.0 = Debug|Any CPU
		{816993A7-4999-448F-A915-B1895D5D877E}.Release|Any CPU.ActiveCfg = Release|Any CPU
		{816993A7-4999-448F-A915-B1895D5D877E}.Release|Any CPU.Build.0 = Release|Any CPU
		{35F4D8C3-9601-4570-A2A9-F2B1BB779058}.Debug|Any CPU.ActiveCfg = Debug|Any CPU
		{35F4D8C3-9601-4570-A2A9-F2B1BB779058}.Debug|Any CPU.Build.0 = Debug|Any CPU
		{35F4D8C3-9601-4570-A2A9-F2B1BB779058}.Release|Any CPU.ActiveCfg = Release|Any CPU
		{35F4D8C3-9601-4570-A2A9-F2B1BB779058}.Release|Any CPU.Build.0 = Release|Any CPU
		{3D6C577B-2EE2-4897-874E-E3FEA4299669}.Debug|Any CPU.ActiveCfg = Debug|Any CPU
		{3D6C577B-2EE2-4897-874E-E3FEA4299669}.Debug|Any CPU.Build.0 = Debug|Any CPU
		{3D6C577B-2EE2-4897-874E-E3FEA4299669}.Release|Any CPU.ActiveCfg = Release|Any CPU
		{3D6C577B-2EE2-4897-874E-E3FEA4299669}.Release|Any CPU.Build.0 = Release|Any CPU
		{4498D50B-57FC-45D9-8309-AD7F2B266F2E}.Debug|Any CPU.ActiveCfg = Debug|Any CPU
		{4498D50B-57FC-45D9-8309-AD7F2B266F2E}.Debug|Any CPU.Build.0 = Debug|Any CPU
		{4498D50B-57FC-45D9-8309-AD7F2B266F2E}.Release|Any CPU.ActiveCfg = Release|Any CPU
		{4498D50B-57FC-45D9-8309-AD7F2B266F2E}.Release|Any CPU.Build.0 = Release|Any CPU
		{AE0A3EC3-A14E-4FDC-BDBB-DE8B0BE22993}.Debug|Any CPU.ActiveCfg = Debug|Any CPU
		{AE0A3EC3-A14E-4FDC-BDBB-DE8B0BE22993}.Debug|Any CPU.Build.0 = Debug|Any CPU
		{AE0A3EC3-A14E-4FDC-BDBB-DE8B0BE22993}.Release|Any CPU.ActiveCfg = Release|Any CPU
		{AE0A3EC3-A14E-4FDC-BDBB-DE8B0BE22993}.Release|Any CPU.Build.0 = Release|Any CPU
		{DD08D535-BC35-4ADA-AEE2-A1F68A4DC09B}.Debug|Any CPU.ActiveCfg = Debug|Any CPU
		{DD08D535-BC35-4ADA-AEE2-A1F68A4DC09B}.Debug|Any CPU.Build.0 = Debug|Any CPU
		{DD08D535-BC35-4ADA-AEE2-A1F68A4DC09B}.Release|Any CPU.ActiveCfg = Release|Any CPU
		{DD08D535-BC35-4ADA-AEE2-A1F68A4DC09B}.Release|Any CPU.Build.0 = Release|Any CPU
		{800F21A8-CB10-4395-B69B-62DA71CD5095}.Debug|Any CPU.ActiveCfg = Debug|Any CPU
		{800F21A8-CB10-4395-B69B-62DA71CD5095}.Debug|Any CPU.Build.0 = Debug|Any CPU
		{800F21A8-CB10-4395-B69B-62DA71CD5095}.Release|Any CPU.ActiveCfg = Release|Any CPU
		{800F21A8-CB10-4395-B69B-62DA71CD5095}.Release|Any CPU.Build.0 = Release|Any CPU
		{0E583930-C4D1-4745-9862-2555C3E67260}.Debug|Any CPU.ActiveCfg = Debug|Any CPU
		{0E583930-C4D1-4745-9862-2555C3E67260}.Debug|Any CPU.Build.0 = Debug|Any CPU
		{0E583930-C4D1-4745-9862-2555C3E67260}.Release|Any CPU.ActiveCfg = Release|Any CPU
		{0E583930-C4D1-4745-9862-2555C3E67260}.Release|Any CPU.Build.0 = Release|Any CPU
		{55E675A3-7B06-44BA-A8A7-A4C24D467731}.Debug|Any CPU.ActiveCfg = Debug|Any CPU
		{55E675A3-7B06-44BA-A8A7-A4C24D467731}.Debug|Any CPU.Build.0 = Debug|Any CPU
		{55E675A3-7B06-44BA-A8A7-A4C24D467731}.Release|Any CPU.ActiveCfg = Release|Any CPU
		{55E675A3-7B06-44BA-A8A7-A4C24D467731}.Release|Any CPU.Build.0 = Release|Any CPU
		{3BAADE14-D60E-4483-8E56-9A721F1BD8CA}.Debug|Any CPU.ActiveCfg = Debug|Any CPU
		{3BAADE14-D60E-4483-8E56-9A721F1BD8CA}.Debug|Any CPU.Build.0 = Debug|Any CPU
		{3BAADE14-D60E-4483-8E56-9A721F1BD8CA}.Release|Any CPU.ActiveCfg = Release|Any CPU
		{3BAADE14-D60E-4483-8E56-9A721F1BD8CA}.Release|Any CPU.Build.0 = Release|Any CPU
		{0672FBF4-F52D-4BCE-8179-2D7D99BB3D8A}.Debug|Any CPU.ActiveCfg = Debug|Any CPU
		{0672FBF4-F52D-4BCE-8179-2D7D99BB3D8A}.Debug|Any CPU.Build.0 = Debug|Any CPU
		{0672FBF4-F52D-4BCE-8179-2D7D99BB3D8A}.Release|Any CPU.ActiveCfg = Release|Any CPU
		{0672FBF4-F52D-4BCE-8179-2D7D99BB3D8A}.Release|Any CPU.Build.0 = Release|Any CPU
		{A24300F3-59D2-486D-BC72-3F8DBCCE9A8E}.Debug|Any CPU.ActiveCfg = Debug|Any CPU
		{A24300F3-59D2-486D-BC72-3F8DBCCE9A8E}.Debug|Any CPU.Build.0 = Debug|Any CPU
		{A24300F3-59D2-486D-BC72-3F8DBCCE9A8E}.Release|Any CPU.ActiveCfg = Release|Any CPU
		{A24300F3-59D2-486D-BC72-3F8DBCCE9A8E}.Release|Any CPU.Build.0 = Release|Any CPU
	EndGlobalSection
	GlobalSection(SolutionProperties) = preSolution
		HideSolutionNode = FALSE
	EndGlobalSection
	GlobalSection(NestedProjects) = preSolution
		{0C8FC329-AFAD-4454-9518-929AD4120846} = {4826B1F3-876C-4F03-8687-41A3AE352CBD}
		{DA8CD643-9417-4472-9AB8-EBA016C308CD} = {E5C1EB38-8F28-4F30-B7A2-F3D5487E06B4}
		{CF6D1454-1F1D-486A-B749-95D8E4AA2B80} = {E5C1EB38-8F28-4F30-B7A2-F3D5487E06B4}
		{ADB61F56-0A93-40B0-89EA-42C664B069ED} = {59CD194E-F6C9-475B-9828-ADF66AAB6176}
		{9125D242-1D58-4D15-B42E-69BCD61128CC} = {E5C1EB38-8F28-4F30-B7A2-F3D5487E06B4}
		{F1BBCC9B-6AF5-40B3-80EE-0BAF01324FFF} = {E5C1EB38-8F28-4F30-B7A2-F3D5487E06B4}
		{C1186D43-AFA7-4EDB-9026-2FBB9C852B27} = {E5C1EB38-8F28-4F30-B7A2-F3D5487E06B4}
		{FB17B492-5DD7-4969-977A-025B92889ADB} = {E5C1EB38-8F28-4F30-B7A2-F3D5487E06B4}
		{816993A7-4999-448F-A915-B1895D5D877E} = {E5C1EB38-8F28-4F30-B7A2-F3D5487E06B4}
		{35F4D8C3-9601-4570-A2A9-F2B1BB779058} = {E5C1EB38-8F28-4F30-B7A2-F3D5487E06B4}
		{3D6C577B-2EE2-4897-874E-E3FEA4299669} = {E5C1EB38-8F28-4F30-B7A2-F3D5487E06B4}
		{4498D50B-57FC-45D9-8309-AD7F2B266F2E} = {E5C1EB38-8F28-4F30-B7A2-F3D5487E06B4}
		{AE0A3EC3-A14E-4FDC-BDBB-DE8B0BE22993} = {67375D4B-8625-48C2-B815-AC1E84F98FBF}
		{DD08D535-BC35-4ADA-AEE2-A1F68A4DC09B} = {67375D4B-8625-48C2-B815-AC1E84F98FBF}
		{800F21A8-CB10-4395-B69B-62DA71CD5095} = {67375D4B-8625-48C2-B815-AC1E84F98FBF}
		{0E583930-C4D1-4745-9862-2555C3E67260} = {67375D4B-8625-48C2-B815-AC1E84F98FBF}
		{55E675A3-7B06-44BA-A8A7-A4C24D467731} = {CA9D4FB8-18F8-4351-8433-5C1D65E21CA7}
		{3BAADE14-D60E-4483-8E56-9A721F1BD8CA} = {CA9D4FB8-18F8-4351-8433-5C1D65E21CA7}
		{0672FBF4-F52D-4BCE-8179-2D7D99BB3D8A} = {CA9D4FB8-18F8-4351-8433-5C1D65E21CA7}
		{A24300F3-59D2-486D-BC72-3F8DBCCE9A8E} = {CA9D4FB8-18F8-4351-8433-5C1D65E21CA7}
	EndGlobalSection
	GlobalSection(ExtensibilityGlobals) = postSolution
		SolutionGuid = {0EA78A09-D980-49F6-802F-0F0FC8DC2900}
	EndGlobalSection
EndGlobal
