
Microsoft Visual Studio Solution File, Format Version 12.00
# Visual Studio Version 17
VisualStudioVersion = 17.10.34607.79
MinimumVisualStudioVersion = 10.0.40219.1
Project("{2150E333-8FDC-42A3-9474-1A3956D46DE8}") = "Solution Items", "Solution Items", "{6163DCF7-1166-476F-AF4F-6A5B723F6085}"
	ProjectSection(SolutionItems) = preProject
		.editorconfig = .editorconfig
		Directory.Build.props = Directory.Build.props
		..\README.md = ..\README.md
	EndProjectSection
EndProject
Project("{2150E333-8FDC-42A3-9474-1A3956D46DE8}") = "Applications", "Applications", "{844ACF80-B54A-4FDA-B6D6-00C3CC921508}"
EndProject
Project("{9A19103F-16F7-4668-BE54-9A1E7A4F7556}") = "CodeWF.Tools.Desktop", "CodeWF.Tools.Desktop\CodeWF.Tools.Desktop.csproj", "{C42BC0DE-AC63-4C94-A45A-BFA788C800DC}"
EndProject
Project("{2150E333-8FDC-42A3-9474-1A3956D46DE8}") = "Modules", "Modules", "{5546150D-D8A9-46D9-9035-E255ECBD3596}"
EndProject
Project("{9A19103F-16F7-4668-BE54-9A1E7A4F7556}") = "CodeWF.Tools.Core", "CodeWF.Tools.Core\CodeWF.Tools.Core.csproj", "{1D932F11-01BD-455A-B491-563022655036}"
EndProject
Project("{9A19103F-16F7-4668-BE54-9A1E7A4F7556}") = "CodeWF.Tools.Core.Test", "CodeWF.Tools.Core.Test\CodeWF.Tools.Core.Test.csproj", "{C50AB59F-F660-4075-B72C-F907F156EAC9}"
EndProject
Project("{9A19103F-16F7-4668-BE54-9A1E7A4F7556}") = "CodeWF.Tools.Common", "CodeWF.Tools.Common\CodeWF.Tools.Common.csproj", "{E57DDAE9-82A0-4AE0-A98D-4EECAF98C04B}"
EndProject
Project("{9A19103F-16F7-4668-BE54-9A1E7A4F7556}") = "CodeWF.Tools.Web", "CodeWF.Tools.Web\CodeWF.Tools.Web\CodeWF.Tools.Web.csproj", "{589D49BC-1BF5-4DCB-8024-A74A99EAB003}"
EndProject
Project("{9A19103F-16F7-4668-BE54-9A1E7A4F7556}") = "CodeWF.Tools.Web.Client", "CodeWF.Tools.Web\CodeWF.Tools.Web.Client\CodeWF.Tools.Web.Client.csproj", "{07E5F94D-B64D-4DCA-B491-91E7D9B31458}"
EndProject
Project("{9A19103F-16F7-4668-BE54-9A1E7A4F7556}") = "CodeWF.Tools.Prism", "CodeWF.Tools.Prism\CodeWF.Tools.Prism.csproj", "{2ED852D9-9A6D-4906-99A6-7814D886BA46}"
EndProject
Project("{9A19103F-16F7-4668-BE54-9A1E7A4F7556}") = "CodeWF.Tools.IServices", "CodeWF.Tools.IServices\CodeWF.Tools.IServices.csproj", "{A923FD75-9B3B-4088-ADC2-55CF77600D80}"
EndProject
Project("{2150E333-8FDC-42A3-9474-1A3956D46DE8}") = "Infrastructure", "Infrastructure", "{CB089559-07F7-4E28-965C-6EB1F44522A9}"
EndProject
Project("{9A19103F-16F7-4668-BE54-9A1E7A4F7556}") = "CodeWF.Utils", "CodeWF.Utils\CodeWF.Utils.csproj", "{36218118-3961-4090-B421-0493C5B9C4C7}"
EndProject
Project("{9A19103F-16F7-4668-BE54-9A1E7A4F7556}") = "CodeWF.Tools.Module.Test", "CodeWF.Tools.Module.Test\CodeWF.Tools.Module.Test.csproj", "{06D20544-DA0B-41D4-B718-C496E219D7EF}"
EndProject
Project("{9A19103F-16F7-4668-BE54-9A1E7A4F7556}") = "CodeWF.Tools.Module.Developer", "CodeWF.Tools.Module.Developer\CodeWF.Tools.Module.Developer.csproj", "{DF13E2D2-6979-4CD8-BF1C-B7FA8B74D460}"
EndProject
Project("{9A19103F-16F7-4668-BE54-9A1E7A4F7556}") = "CodeWF.Tools.Modules.Web", "CodeWF.Tools.Modules.Web\CodeWF.Tools.Modules.Web.csproj", "{5BDB154C-ED37-4CEE-BFC7-A4A233664204}"
EndProject
Project("{9A19103F-16F7-4668-BE54-9A1E7A4F7556}") = "CodeWF.AppInfo", "CodeWF.AppInfo\CodeWF.AppInfo.csproj", "{2EE615BB-5E44-4A14-AC7C-680A3E0D2FDF}"
EndProject
Project("{FAE04EC0-301F-11D3-BF4B-00C04F79EFBC}") = "CodeWF.Tools.Module.Image", "CodeWF.Tools.Module.Image\CodeWF.Tools.Module.Image.csproj", "{48406244-4931-4C07-B57E-48F839A73F00}"
EndProject
Global
	GlobalSection(SolutionConfigurationPlatforms) = preSolution
		Debug|Any CPU = Debug|Any CPU
		Release|Any CPU = Release|Any CPU
	EndGlobalSection
	GlobalSection(ProjectConfigurationPlatforms) = postSolution
		{C42BC0DE-AC63-4C94-A45A-BFA788C800DC}.Debug|Any CPU.ActiveCfg = Debug|Any CPU
		{C42BC0DE-AC63-4C94-A45A-BFA788C800DC}.Debug|Any CPU.Build.0 = Debug|Any CPU
		{C42BC0DE-AC63-4C94-A45A-BFA788C800DC}.Release|Any CPU.ActiveCfg = Release|Any CPU
		{C42BC0DE-AC63-4C94-A45A-BFA788C800DC}.Release|Any CPU.Build.0 = Release|Any CPU
		{1D932F11-01BD-455A-B491-563022655036}.Debug|Any CPU.ActiveCfg = Debug|Any CPU
		{1D932F11-01BD-455A-B491-563022655036}.Debug|Any CPU.Build.0 = Debug|Any CPU
		{1D932F11-01BD-455A-B491-563022655036}.Release|Any CPU.ActiveCfg = Release|Any CPU
		{1D932F11-01BD-455A-B491-563022655036}.Release|Any CPU.Build.0 = Release|Any CPU
		{C50AB59F-F660-4075-B72C-F907F156EAC9}.Debug|Any CPU.ActiveCfg = Debug|Any CPU
		{C50AB59F-F660-4075-B72C-F907F156EAC9}.Debug|Any CPU.Build.0 = Debug|Any CPU
		{C50AB59F-F660-4075-B72C-F907F156EAC9}.Release|Any CPU.ActiveCfg = Release|Any CPU
		{C50AB59F-F660-4075-B72C-F907F156EAC9}.Release|Any CPU.Build.0 = Release|Any CPU
		{E57DDAE9-82A0-4AE0-A98D-4EECAF98C04B}.Debug|Any CPU.ActiveCfg = Debug|Any CPU
		{E57DDAE9-82A0-4AE0-A98D-4EECAF98C04B}.Debug|Any CPU.Build.0 = Debug|Any CPU
		{E57DDAE9-82A0-4AE0-A98D-4EECAF98C04B}.Release|Any CPU.ActiveCfg = Release|Any CPU
		{E57DDAE9-82A0-4AE0-A98D-4EECAF98C04B}.Release|Any CPU.Build.0 = Release|Any CPU
		{589D49BC-1BF5-4DCB-8024-A74A99EAB003}.Debug|Any CPU.ActiveCfg = Debug|Any CPU
		{589D49BC-1BF5-4DCB-8024-A74A99EAB003}.Debug|Any CPU.Build.0 = Debug|Any CPU
		{589D49BC-1BF5-4DCB-8024-A74A99EAB003}.Release|Any CPU.ActiveCfg = Release|Any CPU
		{589D49BC-1BF5-4DCB-8024-A74A99EAB003}.Release|Any CPU.Build.0 = Release|Any CPU
		{07E5F94D-B64D-4DCA-B491-91E7D9B31458}.Debug|Any CPU.ActiveCfg = Debug|Any CPU
		{07E5F94D-B64D-4DCA-B491-91E7D9B31458}.Debug|Any CPU.Build.0 = Debug|Any CPU
		{07E5F94D-B64D-4DCA-B491-91E7D9B31458}.Release|Any CPU.ActiveCfg = Release|Any CPU
		{07E5F94D-B64D-4DCA-B491-91E7D9B31458}.Release|Any CPU.Build.0 = Release|Any CPU
		{2ED852D9-9A6D-4906-99A6-7814D886BA46}.Debug|Any CPU.ActiveCfg = Debug|Any CPU
		{2ED852D9-9A6D-4906-99A6-7814D886BA46}.Debug|Any CPU.Build.0 = Debug|Any CPU
		{2ED852D9-9A6D-4906-99A6-7814D886BA46}.Release|Any CPU.ActiveCfg = Release|Any CPU
		{2ED852D9-9A6D-4906-99A6-7814D886BA46}.Release|Any CPU.Build.0 = Release|Any CPU
		{A923FD75-9B3B-4088-ADC2-55CF77600D80}.Debug|Any CPU.ActiveCfg = Debug|Any CPU
		{A923FD75-9B3B-4088-ADC2-55CF77600D80}.Debug|Any CPU.Build.0 = Debug|Any CPU
		{A923FD75-9B3B-4088-ADC2-55CF77600D80}.Release|Any CPU.ActiveCfg = Release|Any CPU
		{A923FD75-9B3B-4088-ADC2-55CF77600D80}.Release|Any CPU.Build.0 = Release|Any CPU
		{36218118-3961-4090-B421-0493C5B9C4C7}.Debug|Any CPU.ActiveCfg = Debug|Any CPU
		{36218118-3961-4090-B421-0493C5B9C4C7}.Debug|Any CPU.Build.0 = Debug|Any CPU
		{36218118-3961-4090-B421-0493C5B9C4C7}.Release|Any CPU.ActiveCfg = Release|Any CPU
		{36218118-3961-4090-B421-0493C5B9C4C7}.Release|Any CPU.Build.0 = Release|Any CPU
		{06D20544-DA0B-41D4-B718-C496E219D7EF}.Debug|Any CPU.ActiveCfg = Debug|Any CPU
		{06D20544-DA0B-41D4-B718-C496E219D7EF}.Debug|Any CPU.Build.0 = Debug|Any CPU
		{06D20544-DA0B-41D4-B718-C496E219D7EF}.Release|Any CPU.ActiveCfg = Release|Any CPU
		{06D20544-DA0B-41D4-B718-C496E219D7EF}.Release|Any CPU.Build.0 = Release|Any CPU
		{DF13E2D2-6979-4CD8-BF1C-B7FA8B74D460}.Debug|Any CPU.ActiveCfg = Debug|Any CPU
		{DF13E2D2-6979-4CD8-BF1C-B7FA8B74D460}.Debug|Any CPU.Build.0 = Debug|Any CPU
		{DF13E2D2-6979-4CD8-BF1C-B7FA8B74D460}.Release|Any CPU.ActiveCfg = Release|Any CPU
		{DF13E2D2-6979-4CD8-BF1C-B7FA8B74D460}.Release|Any CPU.Build.0 = Release|Any CPU
		{5BDB154C-ED37-4CEE-BFC7-A4A233664204}.Debug|Any CPU.ActiveCfg = Debug|Any CPU
		{5BDB154C-ED37-4CEE-BFC7-A4A233664204}.Debug|Any CPU.Build.0 = Debug|Any CPU
		{5BDB154C-ED37-4CEE-BFC7-A4A233664204}.Release|Any CPU.ActiveCfg = Release|Any CPU
		{5BDB154C-ED37-4CEE-BFC7-A4A233664204}.Release|Any CPU.Build.0 = Release|Any CPU
		{2EE615BB-5E44-4A14-AC7C-680A3E0D2FDF}.Debug|Any CPU.ActiveCfg = Debug|Any CPU
		{2EE615BB-5E44-4A14-AC7C-680A3E0D2FDF}.Debug|Any CPU.Build.0 = Debug|Any CPU
		{2EE615BB-5E44-4A14-AC7C-680A3E0D2FDF}.Release|Any CPU.ActiveCfg = Release|Any CPU
		{2EE615BB-5E44-4A14-AC7C-680A3E0D2FDF}.Release|Any CPU.Build.0 = Release|Any CPU
		{48406244-4931-4C07-B57E-48F839A73F00}.Debug|Any CPU.ActiveCfg = Debug|Any CPU
		{48406244-4931-4C07-B57E-48F839A73F00}.Debug|Any CPU.Build.0 = Debug|Any CPU
		{48406244-4931-4C07-B57E-48F839A73F00}.Release|Any CPU.ActiveCfg = Release|Any CPU
		{48406244-4931-4C07-B57E-48F839A73F00}.Release|Any CPU.Build.0 = Release|Any CPU
	EndGlobalSection
	GlobalSection(SolutionProperties) = preSolution
		HideSolutionNode = FALSE
	EndGlobalSection
	GlobalSection(NestedProjects) = preSolution
		{C42BC0DE-AC63-4C94-A45A-BFA788C800DC} = {844ACF80-B54A-4FDA-B6D6-00C3CC921508}
		{1D932F11-01BD-455A-B491-563022655036} = {CB089559-07F7-4E28-965C-6EB1F44522A9}
		{C50AB59F-F660-4075-B72C-F907F156EAC9} = {CB089559-07F7-4E28-965C-6EB1F44522A9}
		{E57DDAE9-82A0-4AE0-A98D-4EECAF98C04B} = {CB089559-07F7-4E28-965C-6EB1F44522A9}
		{589D49BC-1BF5-4DCB-8024-A74A99EAB003} = {844ACF80-B54A-4FDA-B6D6-00C3CC921508}
		{07E5F94D-B64D-4DCA-B491-91E7D9B31458} = {844ACF80-B54A-4FDA-B6D6-00C3CC921508}
		{2ED852D9-9A6D-4906-99A6-7814D886BA46} = {CB089559-07F7-4E28-965C-6EB1F44522A9}
		{A923FD75-9B3B-4088-ADC2-55CF77600D80} = {CB089559-07F7-4E28-965C-6EB1F44522A9}
		{36218118-3961-4090-B421-0493C5B9C4C7} = {CB089559-07F7-4E28-965C-6EB1F44522A9}
		{06D20544-DA0B-41D4-B718-C496E219D7EF} = {5546150D-D8A9-46D9-9035-E255ECBD3596}
		{DF13E2D2-6979-4CD8-BF1C-B7FA8B74D460} = {5546150D-D8A9-46D9-9035-E255ECBD3596}
		{5BDB154C-ED37-4CEE-BFC7-A4A233664204} = {5546150D-D8A9-46D9-9035-E255ECBD3596}
		{2EE615BB-5E44-4A14-AC7C-680A3E0D2FDF} = {CB089559-07F7-4E28-965C-6EB1F44522A9}
		{48406244-4931-4C07-B57E-48F839A73F00} = {5546150D-D8A9-46D9-9035-E255ECBD3596}
	EndGlobalSection
	GlobalSection(ExtensibilityGlobals) = postSolution
		SolutionGuid = {47147C4F-8BF8-4E62-82C5-A5B969940F69}
	EndGlobalSection
EndGlobal
