
Microsoft Visual Studio Solution File, Format Version 12.00
# Visual Studio Version 17
VisualStudioVersion = 17.11.34909.67
MinimumVisualStudioVersion = 10.0.40219.1
Project("{2150E333-8FDC-42A3-9474-1A3956D46DE8}") = "Application", "Application", "{6D5D67FD-2EA6-4EEA-BFC8-B6A548254448}"
EndProject
Project("{9A19103F-16F7-4668-BE54-9A1E7A4F7556}") = "CodeWF.WebAPI", "CodeWF.WebAPI\CodeWF.WebAPI.csproj", "{840DCEEE-CD0F-41E8-9397-7AE6DA020879}"
EndProject
Project("{2150E333-8FDC-42A3-9474-1A3956D46DE8}") = "Data", "Data", "{3235E133-C8AB-46A5-84C1-74B16E7DBC25}"
EndProject
Project("{9A19103F-16F7-4668-BE54-9A1E7A4F7556}") = "CodeWF.Data", "CodeWF.Data\CodeWF.Data.csproj", "{43A8E616-A55B-4F23-BA76-3121CF1027AB}"
EndProject
Project("{2150E333-8FDC-42A3-9474-1A3956D46DE8}") = "解决方案项", "解决方案项", "{B4E0C8D5-6A0C-4216-89C4-9554CB73820A}"
	ProjectSection(SolutionItems) = preProject
		Directory.Build.props = Directory.Build.props
	EndProjectSection
EndProject
Project("{9A19103F-16F7-4668-BE54-9A1E7A4F7556}") = "CodeWF.Data.SQLite", "CodeWF.Data.SQLite\CodeWF.Data.SQLite.csproj", "{A76A7932-38B7-4A4D-BDDC-A590308F04E4}"
EndProject
Project("{2150E333-8FDC-42A3-9474-1A3956D46DE8}") = "Infrastructure", "Infrastructure", "{4A1D7433-9B3F-44CA-AF34-9CB1B0DD69AA}"
EndProject
Project("{9A19103F-16F7-4668-BE54-9A1E7A4F7556}") = "CodeWF.Utils", "CodeWF.Utils\CodeWF.Utils.csproj", "{B59A92A3-DCF9-42E6-9F74-113350EA605A}"
EndProject
Project("{9A19103F-16F7-4668-BE54-9A1E7A4F7556}") = "CodeWF.Data.MySql", "CodeWF.Data.MySql\CodeWF.Data.MySql.csproj", "{290F514D-57E5-42AC-8FED-A5FC831E9F2E}"
EndProject
Project("{9A19103F-16F7-4668-BE54-9A1E7A4F7556}") = "CodeWF.Data.PostgreSQL", "CodeWF.Data.PostgreSQL\CodeWF.Data.PostgreSQL.csproj", "{1F9B70E0-4EDD-4F6F-A53E-76F0CBD0CF06}"
EndProject
Project("{2150E333-8FDC-42A3-9474-1A3956D46DE8}") = "Core", "Core", "{16EDF2E0-B980-488A-AEF5-C2391FFC1CC2}"
EndProject
Project("{9A19103F-16F7-4668-BE54-9A1E7A4F7556}") = "CodeWF.Core", "CodeWF.Core\CodeWF.Core.csproj", "{931DF9F5-CE07-483C-8C6B-1BCFAE0B8E13}"
EndProject
Project("{9A19103F-16F7-4668-BE54-9A1E7A4F7556}") = "CodeWF", "CodeWF\CodeWF.csproj", "{CE8B8C0F-BADC-4E84-BE8D-7ECFFDC3D864}"
EndProject
Project("{9A19103F-16F7-4668-BE54-9A1E7A4F7556}") = "CodeWF.Docs.Core", "CodeWF.Docs.Core\CodeWF.Docs.Core.csproj", "{7A49AC4A-5C2F-431A-AE1D-E31921C85B98}"
EndProject
Project("{9A19103F-16F7-4668-BE54-9A1E7A4F7556}") = "CodeWF.Tool.Docs", "CodeWF.Tool.Docs\CodeWF.Tool.Docs.csproj", "{51485378-1EC6-477B-840C-BE231F977DD3}"
EndProject
Project("{9A19103F-16F7-4668-BE54-9A1E7A4F7556}") = "CodeWF.Docs.Shared", "CodeWF.Docs.Shared\CodeWF.Docs.Shared.csproj", "{137DB15C-8F31-40F6-9DF3-1F05BD36A126}"
EndProject
Project("{9A19103F-16F7-4668-BE54-9A1E7A4F7556}") = "CodeWF.Docs.Server", "CodeWF.Docs.Server\CodeWF.Docs.Server.csproj", "{A74A13CA-07A1-4A57-BC88-7198D5E37BB3}"
EndProject
Project("{9A19103F-16F7-4668-BE54-9A1E7A4F7556}") = "CodeWF.Docs.WebAssembly", "CodeWF.Docs.WebAssembly\CodeWF.Docs.WebAssembly.csproj", "{AE2465FC-4EA8-4636-B301-501BCDF0DB51}"
EndProject
Global
	GlobalSection(SolutionConfigurationPlatforms) = preSolution
		Debug|Any CPU = Debug|Any CPU
		Release|Any CPU = Release|Any CPU
	EndGlobalSection
	GlobalSection(ProjectConfigurationPlatforms) = postSolution
		{840DCEEE-CD0F-41E8-9397-7AE6DA020879}.Debug|Any CPU.ActiveCfg = Debug|Any CPU
		{840DCEEE-CD0F-41E8-9397-7AE6DA020879}.Debug|Any CPU.Build.0 = Debug|Any CPU
		{840DCEEE-CD0F-41E8-9397-7AE6DA020879}.Release|Any CPU.ActiveCfg = Release|Any CPU
		{840DCEEE-CD0F-41E8-9397-7AE6DA020879}.Release|Any CPU.Build.0 = Release|Any CPU
		{43A8E616-A55B-4F23-BA76-3121CF1027AB}.Debug|Any CPU.ActiveCfg = Debug|Any CPU
		{43A8E616-A55B-4F23-BA76-3121CF1027AB}.Debug|Any CPU.Build.0 = Debug|Any CPU
		{43A8E616-A55B-4F23-BA76-3121CF1027AB}.Release|Any CPU.ActiveCfg = Release|Any CPU
		{43A8E616-A55B-4F23-BA76-3121CF1027AB}.Release|Any CPU.Build.0 = Release|Any CPU
		{A76A7932-38B7-4A4D-BDDC-A590308F04E4}.Debug|Any CPU.ActiveCfg = Debug|Any CPU
		{A76A7932-38B7-4A4D-BDDC-A590308F04E4}.Debug|Any CPU.Build.0 = Debug|Any CPU
		{A76A7932-38B7-4A4D-BDDC-A590308F04E4}.Release|Any CPU.ActiveCfg = Release|Any CPU
		{A76A7932-38B7-4A4D-BDDC-A590308F04E4}.Release|Any CPU.Build.0 = Release|Any CPU
		{B59A92A3-DCF9-42E6-9F74-113350EA605A}.Debug|Any CPU.ActiveCfg = Debug|Any CPU
		{B59A92A3-DCF9-42E6-9F74-113350EA605A}.Debug|Any CPU.Build.0 = Debug|Any CPU
		{B59A92A3-DCF9-42E6-9F74-113350EA605A}.Release|Any CPU.ActiveCfg = Release|Any CPU
		{B59A92A3-DCF9-42E6-9F74-113350EA605A}.Release|Any CPU.Build.0 = Release|Any CPU
		{290F514D-57E5-42AC-8FED-A5FC831E9F2E}.Debug|Any CPU.ActiveCfg = Debug|Any CPU
		{290F514D-57E5-42AC-8FED-A5FC831E9F2E}.Debug|Any CPU.Build.0 = Debug|Any CPU
		{290F514D-57E5-42AC-8FED-A5FC831E9F2E}.Release|Any CPU.ActiveCfg = Release|Any CPU
		{290F514D-57E5-42AC-8FED-A5FC831E9F2E}.Release|Any CPU.Build.0 = Release|Any CPU
		{1F9B70E0-4EDD-4F6F-A53E-76F0CBD0CF06}.Debug|Any CPU.ActiveCfg = Debug|Any CPU
		{1F9B70E0-4EDD-4F6F-A53E-76F0CBD0CF06}.Debug|Any CPU.Build.0 = Debug|Any CPU
		{1F9B70E0-4EDD-4F6F-A53E-76F0CBD0CF06}.Release|Any CPU.ActiveCfg = Release|Any CPU
		{1F9B70E0-4EDD-4F6F-A53E-76F0CBD0CF06}.Release|Any CPU.Build.0 = Release|Any CPU
		{931DF9F5-CE07-483C-8C6B-1BCFAE0B8E13}.Debug|Any CPU.ActiveCfg = Debug|Any CPU
		{931DF9F5-CE07-483C-8C6B-1BCFAE0B8E13}.Debug|Any CPU.Build.0 = Debug|Any CPU
		{931DF9F5-CE07-483C-8C6B-1BCFAE0B8E13}.Release|Any CPU.ActiveCfg = Release|Any CPU
		{931DF9F5-CE07-483C-8C6B-1BCFAE0B8E13}.Release|Any CPU.Build.0 = Release|Any CPU
		{CE8B8C0F-BADC-4E84-BE8D-7ECFFDC3D864}.Debug|Any CPU.ActiveCfg = Debug|Any CPU
		{CE8B8C0F-BADC-4E84-BE8D-7ECFFDC3D864}.Debug|Any CPU.Build.0 = Debug|Any CPU
		{CE8B8C0F-BADC-4E84-BE8D-7ECFFDC3D864}.Release|Any CPU.ActiveCfg = Release|Any CPU
		{CE8B8C0F-BADC-4E84-BE8D-7ECFFDC3D864}.Release|Any CPU.Build.0 = Release|Any CPU
		{7A49AC4A-5C2F-431A-AE1D-E31921C85B98}.Debug|Any CPU.ActiveCfg = Debug|Any CPU
		{7A49AC4A-5C2F-431A-AE1D-E31921C85B98}.Debug|Any CPU.Build.0 = Debug|Any CPU
		{7A49AC4A-5C2F-431A-AE1D-E31921C85B98}.Release|Any CPU.ActiveCfg = Release|Any CPU
		{7A49AC4A-5C2F-431A-AE1D-E31921C85B98}.Release|Any CPU.Build.0 = Release|Any CPU
		{51485378-1EC6-477B-840C-BE231F977DD3}.Debug|Any CPU.ActiveCfg = Debug|Any CPU
		{51485378-1EC6-477B-840C-BE231F977DD3}.Debug|Any CPU.Build.0 = Debug|Any CPU
		{51485378-1EC6-477B-840C-BE231F977DD3}.Release|Any CPU.ActiveCfg = Release|Any CPU
		{51485378-1EC6-477B-840C-BE231F977DD3}.Release|Any CPU.Build.0 = Release|Any CPU
		{137DB15C-8F31-40F6-9DF3-1F05BD36A126}.Debug|Any CPU.ActiveCfg = Debug|Any CPU
		{137DB15C-8F31-40F6-9DF3-1F05BD36A126}.Debug|Any CPU.Build.0 = Debug|Any CPU
		{137DB15C-8F31-40F6-9DF3-1F05BD36A126}.Release|Any CPU.ActiveCfg = Release|Any CPU
		{137DB15C-8F31-40F6-9DF3-1F05BD36A126}.Release|Any CPU.Build.0 = Release|Any CPU
		{A74A13CA-07A1-4A57-BC88-7198D5E37BB3}.Debug|Any CPU.ActiveCfg = Debug|Any CPU
		{A74A13CA-07A1-4A57-BC88-7198D5E37BB3}.Debug|Any CPU.Build.0 = Debug|Any CPU
		{A74A13CA-07A1-4A57-BC88-7198D5E37BB3}.Release|Any CPU.ActiveCfg = Release|Any CPU
		{A74A13CA-07A1-4A57-BC88-7198D5E37BB3}.Release|Any CPU.Build.0 = Release|Any CPU
		{AE2465FC-4EA8-4636-B301-501BCDF0DB51}.Debug|Any CPU.ActiveCfg = Debug|Any CPU
		{AE2465FC-4EA8-4636-B301-501BCDF0DB51}.Debug|Any CPU.Build.0 = Debug|Any CPU
		{AE2465FC-4EA8-4636-B301-501BCDF0DB51}.Release|Any CPU.ActiveCfg = Release|Any CPU
		{AE2465FC-4EA8-4636-B301-501BCDF0DB51}.Release|Any CPU.Build.0 = Release|Any CPU
	EndGlobalSection
	GlobalSection(SolutionProperties) = preSolution
		HideSolutionNode = FALSE
	EndGlobalSection
	GlobalSection(NestedProjects) = preSolution
		{840DCEEE-CD0F-41E8-9397-7AE6DA020879} = {6D5D67FD-2EA6-4EEA-BFC8-B6A548254448}
		{43A8E616-A55B-4F23-BA76-3121CF1027AB} = {3235E133-C8AB-46A5-84C1-74B16E7DBC25}
		{A76A7932-38B7-4A4D-BDDC-A590308F04E4} = {3235E133-C8AB-46A5-84C1-74B16E7DBC25}
		{B59A92A3-DCF9-42E6-9F74-113350EA605A} = {4A1D7433-9B3F-44CA-AF34-9CB1B0DD69AA}
		{290F514D-57E5-42AC-8FED-A5FC831E9F2E} = {3235E133-C8AB-46A5-84C1-74B16E7DBC25}
		{1F9B70E0-4EDD-4F6F-A53E-76F0CBD0CF06} = {3235E133-C8AB-46A5-84C1-74B16E7DBC25}
		{931DF9F5-CE07-483C-8C6B-1BCFAE0B8E13} = {16EDF2E0-B980-488A-AEF5-C2391FFC1CC2}
		{CE8B8C0F-BADC-4E84-BE8D-7ECFFDC3D864} = {6D5D67FD-2EA6-4EEA-BFC8-B6A548254448}
		{7A49AC4A-5C2F-431A-AE1D-E31921C85B98} = {16EDF2E0-B980-488A-AEF5-C2391FFC1CC2}
		{51485378-1EC6-477B-840C-BE231F977DD3} = {16EDF2E0-B980-488A-AEF5-C2391FFC1CC2}
		{137DB15C-8F31-40F6-9DF3-1F05BD36A126} = {16EDF2E0-B980-488A-AEF5-C2391FFC1CC2}
		{A74A13CA-07A1-4A57-BC88-7198D5E37BB3} = {6D5D67FD-2EA6-4EEA-BFC8-B6A548254448}
		{AE2465FC-4EA8-4636-B301-501BCDF0DB51} = {6D5D67FD-2EA6-4EEA-BFC8-B6A548254448}
	EndGlobalSection
	GlobalSection(ExtensibilityGlobals) = postSolution
		SolutionGuid = {0F801025-09A0-4A6E-BBFD-BAF96CDB633D}
	EndGlobalSection
EndGlobal
